
Microsoft Visual Studio Solution File, Format Version 12.00
# Visual Studio Version 17
VisualStudioVersion = 17.1.32421.90
MinimumVisualStudioVersion = 10.0.40219.1
Project("{9A19103F-16F7-4668-BE54-9A1E7A4F7556}") = "Ct.Interview.Web.Api", "Ct.Interview.Web.Api\Ct.Interview.Web.Api.csproj", "{8BAA25CE-B9B3-4C56-A5E0-11CCB76C194A}"
EndProject
Project("{9A19103F-16F7-4668-BE54-9A1E7A4F7556}") = "Ct.Interview.Application", "Ct.Interview.Application\Ct.Interview.Application.csproj", "{BD5319DE-89EE-4193-963C-1E0CB5B5EC05}"
EndProject
Project("{9A19103F-16F7-4668-BE54-9A1E7A4F7556}") = "Ct.Interview.Infrastructure", "Ct.Interview.Infrastructure\Ct.Interview.Infrastructure.csproj", "{EA595A1A-43BD-4C37-AFF2-2E56BC8CE52C}"
EndProject
Project("{9A19103F-16F7-4668-BE54-9A1E7A4F7556}") = "Ct.Interview.Domain", "Ct.Interview.Domain\Ct.Interview.Domain.csproj", "{23240097-2F25-4569-A757-A203195CA248}"
EndProject
Project("{FAE04EC0-301F-11D3-BF4B-00C04F79EFBC}") = "Ct.Interview.Contracts", "Ct.Interview.Contracts\Ct.Interview.Contracts.csproj", "{3E3229BA-262B-42DA-B892-4C1AC78B35C7}"
EndProject
Global
	GlobalSection(SolutionConfigurationPlatforms) = preSolution
		Debug|Any CPU = Debug|Any CPU
		Release|Any CPU = Release|Any CPU
	EndGlobalSection
	GlobalSection(ProjectConfigurationPlatforms) = postSolution
		{8BAA25CE-B9B3-4C56-A5E0-11CCB76C194A}.Debug|Any CPU.ActiveCfg = Debug|Any CPU
		{8BAA25CE-B9B3-4C56-A5E0-11CCB76C194A}.Debug|Any CPU.Build.0 = Debug|Any CPU
		{8BAA25CE-B9B3-4C56-A5E0-11CCB76C194A}.Release|Any CPU.ActiveCfg = Release|Any CPU
		{8BAA25CE-B9B3-4C56-A5E0-11CCB76C194A}.Release|Any CPU.Build.0 = Release|Any CPU
		{BD5319DE-89EE-4193-963C-1E0CB5B5EC05}.Debug|Any CPU.ActiveCfg = Debug|Any CPU
		{BD5319DE-89EE-4193-963C-1E0CB5B5EC05}.Debug|Any CPU.Build.0 = Debug|Any CPU
		{BD5319DE-89EE-4193-963C-1E0CB5B5EC05}.Release|Any CPU.ActiveCfg = Release|Any CPU
		{BD5319DE-89EE-4193-963C-1E0CB5B5EC05}.Release|Any CPU.Build.0 = Release|Any CPU
		{EA595A1A-43BD-4C37-AFF2-2E56BC8CE52C}.Debug|Any CPU.ActiveCfg = Debug|Any CPU
		{EA595A1A-43BD-4C37-AFF2-2E56BC8CE52C}.Debug|Any CPU.Build.0 = Debug|Any CPU
		{EA595A1A-43BD-4C37-AFF2-2E56BC8CE52C}.Release|Any CPU.ActiveCfg = Release|Any CPU
		{EA595A1A-43BD-4C37-AFF2-2E56BC8CE52C}.Release|Any CPU.Build.0 = Release|Any CPU
		{23240097-2F25-4569-A757-A203195CA248}.Debug|Any CPU.ActiveCfg = Debug|Any CPU
		{23240097-2F25-4569-A757-A203195CA248}.Debug|Any CPU.Build.0 = Debug|Any CPU
		{23240097-2F25-4569-A757-A203195CA248}.Release|Any CPU.ActiveCfg = Release|Any CPU
		{23240097-2F25-4569-A757-A203195CA248}.Release|Any CPU.Build.0 = Release|Any CPU
		{3E3229BA-262B-42DA-B892-4C1AC78B35C7}.Debug|Any CPU.ActiveCfg = Debug|Any CPU
		{3E3229BA-262B-42DA-B892-4C1AC78B35C7}.Debug|Any CPU.Build.0 = Debug|Any CPU
		{3E3229BA-262B-42DA-B892-4C1AC78B35C7}.Release|Any CPU.ActiveCfg = Release|Any CPU
		{3E3229BA-262B-42DA-B892-4C1AC78B35C7}.Release|Any CPU.Build.0 = Release|Any CPU
	EndGlobalSection
	GlobalSection(SolutionProperties) = preSolution
		HideSolutionNode = FALSE
	EndGlobalSection
	GlobalSection(ExtensibilityGlobals) = postSolution
		SolutionGuid = {A059BD25-A296-44A4-819D-43F42B6A0FD2}
	EndGlobalSection
EndGlobal
